
Microsoft Visual Studio Solution File, Format Version 12.00
# Visual Studio Version 17
VisualStudioVersion = 17.7.34221.43
MinimumVisualStudioVersion = 10.0.40219.1
Project("{8BC9CEB8-8B4A-11D0-8D11-00A0C91BC942}") = "RoadHook", "RoadHook.vcxproj", "{551686F5-0634-4075-B38A-06B74F4B8E4B}"
EndProject
Global
	GlobalSection(SolutionConfigurationPlatforms) = preSolution
		Debug|x64 = Debug|x64
		Debug|x86 = Debug|x86
		Release|x64 = Release|x64
		Release|x86 = Release|x86
	EndGlobalSection
	GlobalSection(ProjectConfigurationPlatforms) = postSolution
		{551686F5-0634-4075-B38A-06B74F4B8E4B}.Debug|x64.ActiveCfg = Debug|x64
		{551686F5-0634-4075-B38A-06B74F4B8E4B}.Debug|x64.Build.0 = Debug|x64
		{551686F5-0634-4075-B38A-06B74F4B8E4B}.Debug|x86.ActiveCfg = Debug|Win32
		{551686F5-0634-4075-B38A-06B74F4B8E4B}.Debug|x86.Build.0 = Debug|Win32
		{551686F5-0634-4075-B38A-06B74F4B8E4B}.Release|x64.ActiveCfg = Release|x64
		{551686F5-0634-4075-B38A-06B74F4B8E4B}.Release|x64.Build.0 = Release|x64
		{551686F5-0634-4075-B38A-06B74F4B8E4B}.Release|x86.ActiveCfg = Release|Win32
		{551686F5-0634-4075-B38A-06B74F4B8E4B}.Release|x86.Build.0 = Release|Win32
	EndGlobalSection
	GlobalSection(SolutionProperties) = preSolution
		HideSolutionNode = FALSE
	EndGlobalSection
	GlobalSection(ExtensibilityGlobals) = postSolution
		SolutionGuid = {A9CFDC76-5F50-437F-B46F-5B6B77010D9E}
	EndGlobalSection
EndGlobal
